
Microsoft Visual Studio Solution File, Format Version 12.00
# Visual Studio Version 17
VisualStudioVersion = 17.4.33213.308
MinimumVisualStudioVersion = 10.0.40219.1
Project("{2150E333-8FDC-42A3-9474-1A3956D46DE8}") = "src", "src", "{DE8093EF-4F96-4024-AF45-4C9080F95C57}"
EndProject
Project("{2150E333-8FDC-42A3-9474-1A3956D46DE8}") = "test", "test", "{A6900E12-9857-4E3F-B507-724E4531BABC}"
EndProject
Project("{2150E333-8FDC-42A3-9474-1A3956D46DE8}") = "Core", "Core", "{4F59D756-6CEB-4D89-A5BD-BF5F903FBC26}"
EndProject
Project("{2150E333-8FDC-42A3-9474-1A3956D46DE8}") = "Infrastructure", "Infrastructure", "{FA1A0693-626B-47BF-AD54-3368A7C3AA42}"
EndProject
Project("{2150E333-8FDC-42A3-9474-1A3956D46DE8}") = "Api", "Api", "{388483D8-89E1-4753-8F6B-BD549E522D31}"
EndProject
Project("{2150E333-8FDC-42A3-9474-1A3956D46DE8}") = "UI", "UI", "{2053D98B-2223-416B-8F15-6CC1BE19C96E}"
EndProject
Project("{FAE04EC0-301F-11D3-BF4B-00C04F79EFBC}") = "Domain", "Domain\Domain.csproj", "{14F8E1A0-A27E-420C-9FBE-91FCFF65CC38}"
EndProject
Project("{FAE04EC0-301F-11D3-BF4B-00C04F79EFBC}") = "Application", "Application\Application.csproj", "{C187F8CC-B0D2-4E01-A54D-D1802C4574FD}"
EndProject
Project("{FAE04EC0-301F-11D3-BF4B-00C04F79EFBC}") = "Infra.Persistence", "Infra.Persistence\Infra.Persistence.csproj", "{08FCE305-1B2C-470A-BE26-3D4BC260F30D}"
EndProject
Project("{FAE04EC0-301F-11D3-BF4B-00C04F79EFBC}") = "NetworkApi", "NetworkApi\NetworkApi.csproj", "{5A649BF8-C1CB-4585-9F24-B9B779F6774A}"
EndProject
Project("{FAE04EC0-301F-11D3-BF4B-00C04F79EFBC}") = "NetworkFileShareUI", "NetworkFileShareUI\NetworkFileShareUI.csproj", "{622655B7-1DEE-423A-BF3E-EB46062FDD1A}"
EndProject
Global
	GlobalSection(SolutionConfigurationPlatforms) = preSolution
		Debug|Any CPU = Debug|Any CPU
		Release|Any CPU = Release|Any CPU
	EndGlobalSection
	GlobalSection(ProjectConfigurationPlatforms) = postSolution
		{14F8E1A0-A27E-420C-9FBE-91FCFF65CC38}.Debug|Any CPU.ActiveCfg = Debug|Any CPU
		{14F8E1A0-A27E-420C-9FBE-91FCFF65CC38}.Debug|Any CPU.Build.0 = Debug|Any CPU
		{14F8E1A0-A27E-420C-9FBE-91FCFF65CC38}.Release|Any CPU.ActiveCfg = Release|Any CPU
		{14F8E1A0-A27E-420C-9FBE-91FCFF65CC38}.Release|Any CPU.Build.0 = Release|Any CPU
		{C187F8CC-B0D2-4E01-A54D-D1802C4574FD}.Debug|Any CPU.ActiveCfg = Debug|Any CPU
		{C187F8CC-B0D2-4E01-A54D-D1802C4574FD}.Debug|Any CPU.Build.0 = Debug|Any CPU
		{C187F8CC-B0D2-4E01-A54D-D1802C4574FD}.Release|Any CPU.ActiveCfg = Release|Any CPU
		{C187F8CC-B0D2-4E01-A54D-D1802C4574FD}.Release|Any CPU.Build.0 = Release|Any CPU
		{08FCE305-1B2C-470A-BE26-3D4BC260F30D}.Debug|Any CPU.ActiveCfg = Debug|Any CPU
		{08FCE305-1B2C-470A-BE26-3D4BC260F30D}.Debug|Any CPU.Build.0 = Debug|Any CPU
		{08FCE305-1B2C-470A-BE26-3D4BC260F30D}.Release|Any CPU.ActiveCfg = Release|Any CPU
		{08FCE305-1B2C-470A-BE26-3D4BC260F30D}.Release|Any CPU.Build.0 = Release|Any CPU
		{5A649BF8-C1CB-4585-9F24-B9B779F6774A}.Debug|Any CPU.ActiveCfg = Debug|Any CPU
		{5A649BF8-C1CB-4585-9F24-B9B779F6774A}.Debug|Any CPU.Build.0 = Debug|Any CPU
		{5A649BF8-C1CB-4585-9F24-B9B779F6774A}.Release|Any CPU.ActiveCfg = Release|Any CPU
		{5A649BF8-C1CB-4585-9F24-B9B779F6774A}.Release|Any CPU.Build.0 = Release|Any CPU
		{622655B7-1DEE-423A-BF3E-EB46062FDD1A}.Debug|Any CPU.ActiveCfg = Debug|Any CPU
		{622655B7-1DEE-423A-BF3E-EB46062FDD1A}.Debug|Any CPU.Build.0 = Debug|Any CPU
		{622655B7-1DEE-423A-BF3E-EB46062FDD1A}.Release|Any CPU.ActiveCfg = Release|Any CPU
		{622655B7-1DEE-423A-BF3E-EB46062FDD1A}.Release|Any CPU.Build.0 = Release|Any CPU
	EndGlobalSection
	GlobalSection(SolutionProperties) = preSolution
		HideSolutionNode = FALSE
	EndGlobalSection
	GlobalSection(NestedProjects) = preSolution
		{4F59D756-6CEB-4D89-A5BD-BF5F903FBC26} = {DE8093EF-4F96-4024-AF45-4C9080F95C57}
		{FA1A0693-626B-47BF-AD54-3368A7C3AA42} = {DE8093EF-4F96-4024-AF45-4C9080F95C57}
		{388483D8-89E1-4753-8F6B-BD549E522D31} = {DE8093EF-4F96-4024-AF45-4C9080F95C57}
		{2053D98B-2223-416B-8F15-6CC1BE19C96E} = {DE8093EF-4F96-4024-AF45-4C9080F95C57}
		{14F8E1A0-A27E-420C-9FBE-91FCFF65CC38} = {4F59D756-6CEB-4D89-A5BD-BF5F903FBC26}
		{C187F8CC-B0D2-4E01-A54D-D1802C4574FD} = {4F59D756-6CEB-4D89-A5BD-BF5F903FBC26}
		{08FCE305-1B2C-470A-BE26-3D4BC260F30D} = {FA1A0693-626B-47BF-AD54-3368A7C3AA42}
		{5A649BF8-C1CB-4585-9F24-B9B779F6774A} = {388483D8-89E1-4753-8F6B-BD549E522D31}
		{622655B7-1DEE-423A-BF3E-EB46062FDD1A} = {2053D98B-2223-416B-8F15-6CC1BE19C96E}
	EndGlobalSection
	GlobalSection(ExtensibilityGlobals) = postSolution
		SolutionGuid = {1E329D69-955D-4166-9A65-2D711AF92851}
	EndGlobalSection
EndGlobal
